
Microsoft Visual Studio Solution File, Format Version 12.00
# Visual Studio 14
VisualStudioVersion = 14.0.24720.0
MinimumVisualStudioVersion = 10.0.40219.1
Project("{FAE04EC0-301F-11D3-BF4B-00C04F79EFBC}") = "DebugTipsAndTricks", "DebugTipsAndTricks\DebugTipsAndTricks.csproj", "{5818F36A-1BB9-4EB6-AA2B-55443CA8C890}"
EndProject
Project("{FAE04EC0-301F-11D3-BF4B-00C04F79EFBC}") = "TheOneWhoGotTheMap", "TheOneWhoGotTheMap\TheOneWhoGotTheMap.csproj", "{99921853-E73A-40B6-9F4E-5B9880408306}"
EndProject
Global
	GlobalSection(SolutionConfigurationPlatforms) = preSolution
		Debug|Any CPU = Debug|Any CPU
		Release|Any CPU = Release|Any CPU
	EndGlobalSection
	GlobalSection(ProjectConfigurationPlatforms) = postSolution
		{5818F36A-1BB9-4EB6-AA2B-55443CA8C890}.Debug|Any CPU.ActiveCfg = Debug|Any CPU
		{5818F36A-1BB9-4EB6-AA2B-55443CA8C890}.Debug|Any CPU.Build.0 = Debug|Any CPU
		{5818F36A-1BB9-4EB6-AA2B-55443CA8C890}.Release|Any CPU.ActiveCfg = Release|Any CPU
		{5818F36A-1BB9-4EB6-AA2B-55443CA8C890}.Release|Any CPU.Build.0 = Release|Any CPU
		{99921853-E73A-40B6-9F4E-5B9880408306}.Debug|Any CPU.ActiveCfg = Debug|Any CPU
		{99921853-E73A-40B6-9F4E-5B9880408306}.Debug|Any CPU.Build.0 = Debug|Any CPU
		{99921853-E73A-40B6-9F4E-5B9880408306}.Release|Any CPU.ActiveCfg = Release|Any CPU
		{99921853-E73A-40B6-9F4E-5B9880408306}.Release|Any CPU.Build.0 = Release|Any CPU
	EndGlobalSection
	GlobalSection(SolutionProperties) = preSolution
		HideSolutionNode = FALSE
	EndGlobalSection
EndGlobal
